lockfileVersion: '6.0'

settings:
  autoInstallPeers: true
  excludeLinksFromLockfile: false

dependencies:
  '@huggingface/inference':
    specifier: ^2.6.1
    version: 2.6.1
  ai:
    specifier: ^2.1.17
    version: 2.1.17(react@18.2.0)(svelte@4.0.5)(vue@3.3.4)
  discord.js:
    specifier: ^14.11.0
    version: 14.11.0
  dotenv:
    specifier: ^16.3.1
    version: 16.3.1

devDependencies:
  nodemon:
    specifier: ^3.0.1
    version: 3.0.1

packages:

  /@ampproject/remapping@2.2.1:
    resolution: {integrity: sha512-lFMjJTrFL3j7L9yBxwYfCq2k6qqwHyzuUl/XBnif78PWTJYyL/dfowQHWE3sp6U6ZzqWiiIZnpTMO96zhkjwtg==}
    engines: {node: '>=6.0.0'}
    dependencies:
      '@jridgewell/gen-mapping': 0.3.3
      '@jridgewell/trace-mapping': 0.3.18
    dev: false

  /@babel/helper-string-parser@7.22.5:
    resolution: {integrity: sha512-mM4COjgZox8U+JcXQwPijIZLElkgEpO5rsERVDJTc2qfCDfERyob6k5WegS14SX18IIjv+XD+GrqNumY5JRCDw==}
    engines: {node: '>=6.9.0'}
    dev: false

  /@babel/helper-validator-identifier@7.22.5:
    resolution: {integrity: sha512-aJXu+6lErq8ltp+JhkJUfk1MTGyuA4v7f3pA+BJ5HLfNC6nAQ0Cpi9uOquUj8Hehg0aUiHzWQbOVJGao6ztBAQ==}
    engines: {node: '>=6.9.0'}
    dev: false

  /@babel/parser@7.22.7:
    resolution: {integrity: sha512-7NF8pOkHP5o2vpmGgNGcfAeCvOYhGLyA3Z4eBQkT1RJlWu47n63bCs93QfJ2hIAFCil7L5P2IWhs1oToVgrL0Q==}
    engines: {node: '>=6.0.0'}
    hasBin: true
    dependencies:
      '@babel/types': 7.22.5
    dev: false

  /@babel/types@7.22.5:
    resolution: {integrity: sha512-zo3MIHGOkPOfoRXitsgHLjEXmlDaD/5KU1Uzuc9GNiZPhSqVxVRtxuPaSBZDsYZ9qV88AjtMtWW7ww98loJ9KA==}
    engines: {node: '>=6.9.0'}
    dependencies:
      '@babel/helper-string-parser': 7.22.5
      '@babel/helper-validator-identifier': 7.22.5
      to-fast-properties: 2.0.0
    dev: false

  /@discordjs/builders@1.6.3:
    resolution: {integrity: sha512-CTCh8NqED3iecTNuiz49mwSsrc2iQb4d0MjMdmS/8pb69Y4IlzJ/DIy/p5GFlgOrFbNO2WzMHkWKQSiJ3VNXaw==}
    engines: {node: '>=16.9.0'}
    dependencies:
      '@discordjs/formatters': 0.3.1
      '@discordjs/util': 0.3.1
      '@sapphire/shapeshift': 3.9.2
      discord-api-types: 0.37.48
      fast-deep-equal: 3.1.3
      ts-mixer: 6.0.3
      tslib: 2.6.0
    dev: false

  /@discordjs/collection@1.5.1:
    resolution: {integrity: sha512-aWEc9DCf3TMDe9iaJoOnO2+JVAjeRNuRxPZQA6GVvBf+Z3gqUuWYBy2NWh4+5CLYq5uoc3MOvUQ5H5m8CJBqOA==}
    engines: {node: '>=16.9.0'}
    dev: false

  /@discordjs/formatters@0.3.1:
    resolution: {integrity: sha512-M7X4IGiSeh4znwcRGcs+49B5tBkNDn4k5bmhxJDAUhRxRHTiFAOTVUNQ6yAKySu5jZTnCbSvTYHW3w0rAzV1MA==}
    engines: {node: '>=16.9.0'}
    dependencies:
      discord-api-types: 0.37.48
    dev: false

  /@discordjs/rest@1.7.1:
    resolution: {integrity: sha512-Ofa9UqT0U45G/eX86cURQnX7gzOJLG2oC28VhIk/G6IliYgQF7jFByBJEykPSHE4MxPhqCleYvmsrtfKh1nYmQ==}
    engines: {node: '>=16.9.0'}
    dependencies:
      '@discordjs/collection': 1.5.1
      '@discordjs/util': 0.3.1
      '@sapphire/async-queue': 1.5.0
      '@sapphire/snowflake': 3.5.1
      discord-api-types: 0.37.48
      file-type: 18.5.0
      tslib: 2.6.0
      undici: 5.22.1
    dev: false

  /@discordjs/util@0.3.1:
    resolution: {integrity: sha512-HxXKYKg7vohx2/OupUN/4Sd02Ev3PBJ5q0gtjdcvXb0ErCva8jNHWfe/v5sU3UKjIB/uxOhc+TDOnhqffj9pRA==}
    engines: {node: '>=16.9.0'}
    dev: false

  /@discordjs/ws@0.8.3:
    resolution: {integrity: sha512-hcYtppanjHecbdNyCKQNH2I4RP9UrphDgmRgLYrATEQF1oo4sYSve7ZmGsBEXSzH72MO2tBPdWSThunbxUVk0g==}
    engines: {node: '>=16.9.0'}
    dependencies:
      '@discordjs/collection': 1.5.1
      '@discordjs/rest': 1.7.1
      '@discordjs/util': 0.3.1
      '@sapphire/async-queue': 1.5.0
      '@types/ws': 8.5.5
      '@vladfrangu/async_event_emitter': 2.2.2
      discord-api-types: 0.37.48
      tslib: 2.6.0
      ws: 8.13.0
    transitivePeerDependencies:
      - bufferutil
      - utf-8-validate
    dev: false

  /@huggingface/inference@2.6.1:
    resolution: {integrity: sha512-qFYchgOCPeEkZJKiSr7Kz62QwukJtgkeQCT7Q0SSKUcvHpTQVNJp6i/JrJMR4dBdzQysJ1SZDC0pLBBnnskTag==}
    engines: {node: '>=18'}
    dev: false

  /@jridgewell/gen-mapping@0.3.3:
    resolution: {integrity: sha512-HLhSWOLRi875zjjMG/r+Nv0oCW8umGb0BgEhyX3dDX3egwZtB8PqLnjz3yedt8R5StBrzcg4aBpnh8UA9D1BoQ==}
    engines: {node: '>=6.0.0'}
    dependencies:
      '@jridgewell/set-array': 1.1.2
      '@jridgewell/sourcemap-codec': 1.4.15
      '@jridgewell/trace-mapping': 0.3.18
    dev: false

  /@jridgewell/resolve-uri@3.1.0:
    resolution: {integrity: sha512-F2msla3tad+Mfht5cJq7LSXcdudKTWCVYUgw6pLFOOHSTtZlj6SWNYAp+AhuqLmWdBO2X5hPrLcu8cVP8fy28w==}
    engines: {node: '>=6.0.0'}
    dev: false

  /@jridgewell/set-array@1.1.2:
    resolution: {integrity: sha512-xnkseuNADM0gt2bs+BvhO0p78Mk762YnZdsuzFV018NoG1Sj1SCQvpSqa7XUaTam5vAGasABV9qXASMKnFMwMw==}
    engines: {node: '>=6.0.0'}
    dev: false

  /@jridgewell/sourcemap-codec@1.4.14:
    resolution: {integrity: sha512-XPSJHWmi394fuUuzDnGz1wiKqWfo1yXecHQMRf2l6hztTO+nPru658AyDngaBe7isIxEkRsPR3FZh+s7iVa4Uw==}
    dev: false

  /@jridgewell/sourcemap-codec@1.4.15:
    resolution: {integrity: sha512-eF2rxCRulEKXHTRiDrDy6erMYWqNw4LPdQ8UQA4huuxaQsVeRPFl2oM8oDGxMFhJUWZf9McpLtJasDDZb/Bpeg==}
    dev: false

  /@jridgewell/trace-mapping@0.3.18:
    resolution: {integrity: sha512-w+niJYzMHdd7USdiH2U6869nqhD2nbfZXND5Yp93qIbEmnDNk7PD48o+YchRVpzMU7M6jVCbenTR7PA1FLQ9pA==}
    dependencies:
      '@jridgewell/resolve-uri': 3.1.0
      '@jridgewell/sourcemap-codec': 1.4.14
    dev: false

  /@sapphire/async-queue@1.5.0:
    resolution: {integrity: sha512-JkLdIsP8fPAdh9ZZjrbHWR/+mZj0wvKS5ICibcLrRI1j84UmLMshx5n9QmL8b95d4onJ2xxiyugTgSAX7AalmA==}
    engines: {node: '>=v14.0.0', npm: '>=7.0.0'}
    dev: false

  /@sapphire/shapeshift@3.9.2:
    resolution: {integrity: sha512-YRbCXWy969oGIdqR/wha62eX8GNHsvyYi0Rfd4rNW6tSVVa8p0ELiMEuOH/k8rgtvRoM+EMV7Csqz77YdwiDpA==}
    engines: {node: '>=v14.0.0', npm: '>=7.0.0'}
    dependencies:
      fast-deep-equal: 3.1.3
      lodash: 4.17.21
    dev: false

  /@sapphire/snowflake@3.5.1:
    resolution: {integrity: sha512-BxcYGzgEsdlG0dKAyOm0ehLGm2CafIrfQTZGWgkfKYbj+pNNsorZ7EotuZukc2MT70E0UbppVbtpBrqpzVzjNA==}
    engines: {node: '>=v14.0.0', npm: '>=7.0.0'}
    dev: false

  /@tokenizer/token@0.3.0:
    resolution: {integrity: sha512-OvjF+z51L3ov0OyAU0duzsYuvO01PH7x4t6DJx+guahgTnBHkhJdG7soQeTSFLWN3efnHyibZ4Z8l2EuWwJN3A==}
    dev: false

  /@types/estree@1.0.1:
    resolution: {integrity: sha512-LG4opVs2ANWZ1TJoKc937iMmNstM/d0ae1vNbnBvBhqCSezgVUOzcLCqbI5elV8Vy6WKwKjaqR+zO9VKirBBCA==}
    dev: false

  /@types/node@20.4.1:
    resolution: {integrity: sha512-JIzsAvJeA/5iY6Y/OxZbv1lUcc8dNSE77lb2gnBH+/PJ3lFR1Ccvgwl5JWnHAkNHcRsT0TbpVOsiMKZ1F/yyJg==}
    dev: false

  /@types/ws@8.5.5:
    resolution: {integrity: sha512-lwhs8hktwxSjf9UaZ9tG5M03PGogvFaH8gUgLNbN9HKIg0dvv6q+gkSuJ8HN4/VbyxkuLzCjlN7GquQ0gUJfIg==}
    dependencies:
      '@types/node': 20.4.1
    dev: false

  /@vladfrangu/async_event_emitter@2.2.2:
    resolution: {integrity: sha512-HIzRG7sy88UZjBJamssEczH5q7t5+axva19UbZLO6u0ySbYPrwzWiXBcC0WuHyhKKoeCyneH+FvYzKQq/zTtkQ==}
    engines: {node: '>=v14.0.0', npm: '>=7.0.0'}
    dev: false

  /@vue/compiler-core@3.3.4:
    resolution: {integrity: sha512-cquyDNvZ6jTbf/+x+AgM2Arrp6G4Dzbb0R64jiG804HRMfRiFXWI6kqUVqZ6ZR0bQhIoQjB4+2bhNtVwndW15g==}
    dependencies:
      '@babel/parser': 7.22.7
      '@vue/shared': 3.3.4
      estree-walker: 2.0.2
      source-map-js: 1.0.2
    dev: false

  /@vue/compiler-dom@3.3.4:
    resolution: {integrity: sha512-wyM+OjOVpuUukIq6p5+nwHYtj9cFroz9cwkfmP9O1nzH68BenTTv0u7/ndggT8cIQlnBeOo6sUT/gvHcIkLA5w==}
    dependencies:
      '@vue/compiler-core': 3.3.4
      '@vue/shared': 3.3.4
    dev: false

  /@vue/compiler-sfc@3.3.4:
    resolution: {integrity: sha512-6y/d8uw+5TkCuzBkgLS0v3lSM3hJDntFEiUORM11pQ/hKvkhSKZrXW6i69UyXlJQisJxuUEJKAWEqWbWsLeNKQ==}
    dependencies:
      '@babel/parser': 7.22.7
      '@vue/compiler-core': 3.3.4
      '@vue/compiler-dom': 3.3.4
      '@vue/compiler-ssr': 3.3.4
      '@vue/reactivity-transform': 3.3.4
      '@vue/shared': 3.3.4
      estree-walker: 2.0.2
      magic-string: 0.30.1
      postcss: 8.4.25
      source-map-js: 1.0.2
    dev: false

  /@vue/compiler-ssr@3.3.4:
    resolution: {integrity: sha512-m0v6oKpup2nMSehwA6Uuu+j+wEwcy7QmwMkVNVfrV9P2qE5KshC6RwOCq8fjGS/Eak/uNb8AaWekfiXxbBB6gQ==}
    dependencies:
      '@vue/compiler-dom': 3.3.4
      '@vue/shared': 3.3.4
    dev: false

  /@vue/reactivity-transform@3.3.4:
    resolution: {integrity: sha512-MXgwjako4nu5WFLAjpBnCj/ieqcjE2aJBINUNQzkZQfzIZA4xn+0fV1tIYBJvvva3N3OvKGofRLvQIwEQPpaXw==}
    dependencies:
      '@babel/parser': 7.22.7
      '@vue/compiler-core': 3.3.4
      '@vue/shared': 3.3.4
      estree-walker: 2.0.2
      magic-string: 0.30.1
    dev: false

  /@vue/reactivity@3.3.4:
    resolution: {integrity: sha512-kLTDLwd0B1jG08NBF3R5rqULtv/f8x3rOFByTDz4J53ttIQEDmALqKqXY0J+XQeN0aV2FBxY8nJDf88yvOPAqQ==}
    dependencies:
      '@vue/shared': 3.3.4
    dev: false

  /@vue/runtime-core@3.3.4:
    resolution: {integrity: sha512-R+bqxMN6pWO7zGI4OMlmvePOdP2c93GsHFM/siJI7O2nxFRzj55pLwkpCedEY+bTMgp5miZ8CxfIZo3S+gFqvA==}
    dependencies:
      '@vue/reactivity': 3.3.4
      '@vue/shared': 3.3.4
    dev: false

  /@vue/runtime-dom@3.3.4:
    resolution: {integrity: sha512-Aj5bTJ3u5sFsUckRghsNjVTtxZQ1OyMWCr5dZRAPijF/0Vy4xEoRCwLyHXcj4D0UFbJ4lbx3gPTgg06K/GnPnQ==}
    dependencies:
      '@vue/runtime-core': 3.3.4
      '@vue/shared': 3.3.4
      csstype: 3.1.2
    dev: false

  /@vue/server-renderer@3.3.4(vue@3.3.4):
    resolution: {integrity: sha512-Q6jDDzR23ViIb67v+vM1Dqntu+HUexQcsWKhhQa4ARVzxOY2HbC7QRW/ggkDBd5BU+uM1sV6XOAP0b216o34JQ==}
    peerDependencies:
      vue: 3.3.4
    dependencies:
      '@vue/compiler-ssr': 3.3.4
      '@vue/shared': 3.3.4
      vue: 3.3.4
    dev: false

  /@vue/shared@3.3.4:
    resolution: {integrity: sha512-7OjdcV8vQ74eiz1TZLzZP4JwqM5fA94K6yntPS5Z25r9HDuGNzaGdgvwKYq6S+MxwF0TFRwe50fIR/MYnakdkQ==}
    dev: false

  /abbrev@1.1.1:
    resolution: {integrity: sha512-nne9/IiQ/hzIhY6pdDnbBtz7DjPTKrY00P/zvPSm5pOFkl6xuGrGnXn/VtTNNfNtAfZ9/1RtehkszU9qcTii0Q==}
    dev: true

  /acorn@8.10.0:
    resolution: {integrity: sha512-F0SAmZ8iUtS//m8DmCTA0jlh6TDKkHQyK6xc6V4KDTyZKA9dnvX9/3sRTVQrWm79glUAZbnmmNcdYwUIHWVybw==}
    engines: {node: '>=0.4.0'}
    hasBin: true
    dev: false

  /ai@2.1.17(react@18.2.0)(svelte@4.0.5)(vue@3.3.4):
    resolution: {integrity: sha512-3dcg7cjDQdFeYbKREvJ18WhNrN+IVhASJPEolOiZINfmQ5qjqZHWNagqLsN8Wi2RYzD3CrskrN8KwAobUTgo9g==}
    engines: {node: '>=14.6'}
    peerDependencies:
      react: ^18.2.0
      svelte: ^3.0.0 || ^4.0.0
      vue: ^3.3.4
    peerDependenciesMeta:
      react:
        optional: true
      svelte:
        optional: true
      vue:
        optional: true
    dependencies:
      eventsource-parser: 1.0.0
      nanoid: 3.3.6
      react: 18.2.0
      sswr: 1.11.0(svelte@4.0.5)
      svelte: 4.0.5
      swr: 2.1.5(react@18.2.0)
      swrv: 1.0.3(vue@3.3.4)
      vue: 3.3.4
    dev: false

  /anymatch@3.1.3:
    resolution: {integrity: sha512-KMReFUr0B4t+D+OBkjR3KYqvocp2XaSzO55UcB6mgQMd3KbcE+mWTyvVV7D/zsdEbNnV6acZUutkiHQXvTr1Rw==}
    engines: {node: '>= 8'}
    dependencies:
      normalize-path: 3.0.0
      picomatch: 2.3.1
    dev: true

  /aria-query@5.3.0:
    resolution: {integrity: sha512-b0P0sZPKtyu8HkeRAfCq0IfURZK+SuwMjY1UXGBU27wpAiTwQAIlq56IbIO+ytk/JjS1fMR14ee5WBBfKi5J6A==}
    dependencies:
      dequal: 2.0.3
    dev: false

  /axobject-query@3.2.1:
    resolution: {integrity: sha512-jsyHu61e6N4Vbz/v18DHwWYKK0bSWLqn47eeDSKPB7m8tqMHF9YJ+mhIk2lVteyZrY8tnSj/jHOv4YiTCuCJgg==}
    dependencies:
      dequal: 2.0.3
    dev: false

  /balanced-match@1.0.2:
    resolution: {integrity: sha512-3oSeUO0TMV67hN1AmbXsK4yaqU7tjiHlbxRDZOpH0KW9+CeX4bRAaX0Anxt0tx2MrpRpWwQaPwIlISEJhYU5Pw==}
    dev: true

  /binary-extensions@2.2.0:
    resolution: {integrity: sha512-jDctJ/IVQbZoJykoeHbhXpOlNBqGNcwXJKJog42E5HDPUwQTSdjCHdihjj0DlnheQ7blbT6dHOafNAiS8ooQKA==}
    engines: {node: '>=8'}
    dev: true

  /brace-expansion@1.1.11:
    resolution: {integrity: sha512-iCuPHDFgrHX7H2vEI/5xpz07zSHB00TpugqhmYtVmMO6518mCuRMoOYFldEBl0g187ufozdaHgWKcYFb61qGiA==}
    dependencies:
      balanced-match: 1.0.2
      concat-map: 0.0.1
    dev: true

  /braces@3.0.2:
    resolution: {integrity: sha512-b8um+L1RzM3WDSzvhm6gIz1yfTbBt6YTlcEKAvsmqCZZFw46z626lVj9j1yEPW33H5H+lBQpZMP1k8l+78Ha0A==}
    engines: {node: '>=8'}
    dependencies:
      fill-range: 7.0.1
    dev: true

  /busboy@1.6.0:
    resolution: {integrity: sha512-8SFQbg/0hQ9xy3UNTB0YEnsNBbWfhf7RtnzpL7TkBiTBRfrQ9Fxcnz7VJsleJpyp6rVLvXiuORqjlHi5q+PYuA==}
    engines: {node: '>=10.16.0'}
    dependencies:
      streamsearch: 1.1.0
    dev: false

  /chokidar@3.5.3:
    resolution: {integrity: sha512-Dr3sfKRP6oTcjf2JmUmFJfeVMvXBdegxB0iVQ5eb2V10uFJUCAS8OByZdVAyVb8xXNz3GjjTgj9kLWsZTqE6kw==}
    engines: {node: '>= 8.10.0'}
    dependencies:
      anymatch: 3.1.3
      braces: 3.0.2
      glob-parent: 5.1.2
      is-binary-path: 2.1.0
      is-glob: 4.0.3
      normalize-path: 3.0.0
      readdirp: 3.6.0
    optionalDependencies:
      fsevents: 2.3.2
    dev: true

  /code-red@1.0.3:
    resolution: {integrity: sha512-kVwJELqiILQyG5aeuyKFbdsI1fmQy1Cmf7dQ8eGmVuJoaRVdwey7WaMknr2ZFeVSYSKT0rExsa8EGw0aoI/1QQ==}
    dependencies:
      '@jridgewell/sourcemap-codec': 1.4.15
      '@types/estree': 1.0.1
      acorn: 8.10.0
      estree-walker: 3.0.3
      periscopic: 3.1.0
    dev: false

  /concat-map@0.0.1:
    resolution: {integrity: sha512-/Srv4dswyQNBfohGpz9o6Yb3Gz3SrUDqBH5rTuhGR7ahtlbYKnVxw2bCFMRljaA7EXHaXZ8wsHdodFvbkhKmqg==}
    dev: true

  /css-tree@2.3.1:
    resolution: {integrity: sha512-6Fv1DV/TYw//QF5IzQdqsNDjx/wc8TrMBZsqjL9eW01tWb7R7k/mq+/VXfJCl7SoD5emsJop9cOByJZfs8hYIw==}
    engines: {node: ^10 || ^12.20.0 || ^14.13.0 || >=15.0.0}
    dependencies:
      mdn-data: 2.0.30
      source-map-js: 1.0.2
    dev: false

  /csstype@3.1.2:
    resolution: {integrity: sha512-I7K1Uu0MBPzaFKg4nI5Q7Vs2t+3gWWW648spaF+Rg7pI9ds18Ugn+lvg4SHczUdKlHI5LWBXyqfS8+DufyBsgQ==}
    dev: false

  /debug@3.2.7(supports-color@5.5.0):
    resolution: {integrity: sha512-CFjzYYAi4ThfiQvizrFQevTTXHtnCqWfe7x1AhgEscTz6ZbLbfoLRLPugTQyBth6f8ZERVUSyWHFD/7Wu4t1XQ==}
    peerDependencies:
      supports-color: '*'
    peerDependenciesMeta:
      supports-color:
        optional: true
    dependencies:
      ms: 2.1.3
      supports-color: 5.5.0
    dev: true

  /dequal@2.0.3:
    resolution: {integrity: sha512-0je+qPKHEMohvfRTCEo3CrPG6cAzAYgmzKyxRiYSSDkS6eGJdyVJm7WaYA5ECaAD9wLB2T4EEeymA5aFVcYXCA==}
    engines: {node: '>=6'}
    dev: false

  /discord-api-types@0.37.48:
    resolution: {integrity: sha512-vu2NQJD7SZRjpKDC2DPNsxTz34KS53OrotA+LGRW6mcyT55Hjqu66aRrouzjYhea7tllL9I7rvWVX7bg3aT2AQ==}
    dev: false

  /discord.js@14.11.0:
    resolution: {integrity: sha512-CkueWYFQ28U38YPR8HgsBR/QT35oPpMbEsTNM30Fs8loBIhnA4s70AwQEoy6JvLcpWWJO7GY0y2BUzZmuBMepQ==}
    engines: {node: '>=16.9.0'}
    dependencies:
      '@discordjs/builders': 1.6.3
      '@discordjs/collection': 1.5.1
      '@discordjs/formatters': 0.3.1
      '@discordjs/rest': 1.7.1
      '@discordjs/util': 0.3.1
      '@discordjs/ws': 0.8.3
      '@sapphire/snowflake': 3.5.1
      '@types/ws': 8.5.5
      discord-api-types: 0.37.48
      fast-deep-equal: 3.1.3
      lodash.snakecase: 4.1.1
      tslib: 2.6.0
      undici: 5.22.1
      ws: 8.13.0
    transitivePeerDependencies:
      - bufferutil
      - utf-8-validate
    dev: false

  /dotenv@16.3.1:
    resolution: {integrity: sha512-IPzF4w4/Rd94bA9imS68tZBaYyBWSCE47V1RGuMrB94iyTOIEwRmVL2x/4An+6mETpLrKJ5hQkB8W4kFAadeIQ==}
    engines: {node: '>=12'}
    dev: false

  /estree-walker@2.0.2:
    resolution: {integrity: sha512-Rfkk/Mp/DL7JVje3u18FxFujQlTNR2q6QfMSMB7AvCBx91NGj/ba3kCfza0f6dVDbw7YlRf/nDrn7pQrCCyQ/w==}
    dev: false

  /estree-walker@3.0.3:
    resolution: {integrity: sha512-7RUKfXgSMMkzt6ZuXmqapOurLGPPfgj6l9uRZ7lRGolvk0y2yocc35LdcxKC5PQZdn2DMqioAQ2NoWcrTKmm6g==}
    dependencies:
      '@types/estree': 1.0.1
    dev: false

  /eventsource-parser@1.0.0:
    resolution: {integrity: sha512-9jgfSCa3dmEme2ES3mPByGXfgZ87VbP97tng1G2nWwWx6bV2nYxm2AWCrbQjXToSe+yYlqaZNtxffR9IeQr95g==}
    engines: {node: '>=14.18'}
    dev: false

  /fast-deep-equal@3.1.3:
    resolution: {integrity: sha512-f3qQ9oQy9j2AhBe/H9VC91wLmKBCCU/gDOnKNAYG5hswO7BLKj09Hc5HYNz9cGI++xlpDCIgDaitVs03ATR84Q==}
    dev: false

  /file-type@18.5.0:
    resolution: {integrity: sha512-yvpl5U868+V6PqXHMmsESpg6unQ5GfnPssl4dxdJudBrr9qy7Fddt7EVX1VLlddFfe8Gj9N7goCZH22FXuSQXQ==}
    engines: {node: '>=14.16'}
    dependencies:
      readable-web-to-node-stream: 3.0.2
      strtok3: 7.0.0
      token-types: 5.0.1
    dev: false

  /fill-range@7.0.1:
    resolution: {integrity: sha512-qOo9F+dMUmC2Lcb4BbVvnKJxTPjCm+RRpe4gDuGrzkL7mEVl/djYSu2OdQ2Pa302N4oqkSg9ir6jaLWJ2USVpQ==}
    engines: {node: '>=8'}
    dependencies:
      to-regex-range: 5.0.1
    dev: true

  /fsevents@2.3.2:
    resolution: {integrity: sha512-xiqMQR4xAeHTuB9uWm+fFRcIOgKBMiOBP+eXiyT7jsgVCq1bkVygt00oASowB7EdtpOHaaPgKt812P9ab+DDKA==}
    engines: {node: ^8.16.0 || ^10.6.0 || >=11.0.0}
    os: [darwin]
    requiresBuild: true
    dev: true
    optional: true

  /glob-parent@5.1.2:
    resolution: {integrity: sha512-AOIgSQCepiJYwP3ARnGx+5VnTu2HBYdzbGP45eLw1vr3zB3vZLeyed1sC9hnbcOc9/SrMyM5RPQrkGz4aS9Zow==}
    engines: {node: '>= 6'}
    dependencies:
      is-glob: 4.0.3
    dev: true

  /has-flag@3.0.0:
    resolution: {integrity: sha512-sKJf1+ceQBr4SMkvQnBDNDtf4TXpVhVGateu0t918bl30FnbE2m4vNLX+VWe/dpjlb+HugGYzW7uQXH98HPEYw==}
    engines: {node: '>=4'}
    dev: true

  /ieee754@1.2.1:
    resolution: {integrity: sha512-dcyqhDvX1C46lXZcVqCpK+FtMRQVdIMN6/Df5js2zouUsqG7I6sFxitIC+7KYK29KdXOLHdu9zL4sFnoVQnqaA==}
    dev: false

  /ignore-by-default@1.0.1:
    resolution: {integrity: sha512-Ius2VYcGNk7T90CppJqcIkS5ooHUZyIQK+ClZfMfMNFEF9VSE73Fq+906u/CWu92x4gzZMWOwfFYckPObzdEbA==}
    dev: true

  /inherits@2.0.4:
    resolution: {integrity: sha512-k/vGaX4/Yla3WzyMCvTQOXYeIHvqOKtnqBduzTHpzpQZzAskKMhZ2K+EnBiSM9zGSoIFeMpXKxa4dYeZIQqewQ==}
    dev: false

  /is-binary-path@2.1.0:
    resolution: {integrity: sha512-ZMERYes6pDydyuGidse7OsHxtbI7WVeUEozgR/g7rd0xUimYNlvZRE/K2MgZTjWy725IfelLeVcEM97mmtRGXw==}
    engines: {node: '>=8'}
    dependencies:
      binary-extensions: 2.2.0
    dev: true

  /is-extglob@2.1.1:
    resolution: {integrity: sha512-SbKbANkN603Vi4jEZv49LeVJMn4yGwsbzZworEoyEiutsN3nJYdbO36zfhGJ6QEDpOZIFkDtnq5JRxmvl3jsoQ==}
    engines: {node: '>=0.10.0'}
    dev: true

  /is-glob@4.0.3:
    resolution: {integrity: sha512-xelSayHH36ZgE7ZWhli7pW34hNbNl8Ojv5KVmkJD4hBdD3th8Tfk9vYasLM+mXWOZhFkgZfxhLSnrwRr4elSSg==}
    engines: {node: '>=0.10.0'}
    dependencies:
      is-extglob: 2.1.1
    dev: true

  /is-number@7.0.0:
    resolution: {integrity: sha512-41Cifkg6e8TylSpdtTpeLVMqvSBEVzTttHvERD741+pnZ8ANv0004MRL43QKPDlK9cGvNp6NZWZUBlbGXYxxng==}
    engines: {node: '>=0.12.0'}
    dev: true

  /is-reference@3.0.1:
    resolution: {integrity: sha512-baJJdQLiYaJdvFbJqXrcGv3WU3QCzBlUcI5QhbesIm6/xPsvmO+2CDoi/GMOFBQEQm+PXkwOPrp9KK5ozZsp2w==}
    dependencies:
      '@types/estree': 1.0.1
    dev: false

  /js-tokens@4.0.0:
    resolution: {integrity: sha512-RdJUflcE3cUzKiMqQgsCu06FPu9UdIJO0beYbPhHN4k6apgJtifcoCtT9bcxOpYBtpD2kCM6Sbzg4CausW/PKQ==}
    dev: false

  /locate-character@3.0.0:
    resolution: {integrity: sha512-SW13ws7BjaeJ6p7Q6CO2nchbYEc3X3J6WrmTTDto7yMPqVSZTUyY5Tjbid+Ab8gLnATtygYtiDIJGQRRn2ZOiA==}
    dev: false

  /lodash.snakecase@4.1.1:
    resolution: {integrity: sha512-QZ1d4xoBHYUeuouhEq3lk3Uq7ldgyFXGBhg04+oRLnIz8o9T65Eh+8YdroUwn846zchkA9yDsDl5CVVaV2nqYw==}
    dev: false

  /lodash@4.17.21:
    resolution: {integrity: sha512-v2kDEe57lecTulaDIuNTPy3Ry4gLGJ6Z1O3vE1krgXZNrsQ+LFTGHVxVjcXPs17LhbZVGedAJv8XZ1tvj5FvSg==}
    dev: false

  /loose-envify@1.4.0:
    resolution: {integrity: sha512-lyuxPGr/Wfhrlem2CL/UcnUc1zcqKAImBDzukY7Y5F/yQiNdko6+fRLevlw1HgMySw7f611UIY408EtxRSoK3Q==}
    hasBin: true
    dependencies:
      js-tokens: 4.0.0
    dev: false

  /lru-cache@6.0.0:
    resolution: {integrity: sha512-Jo6dJ04CmSjuznwJSS3pUeWmd/H0ffTlkXXgwZi+eq1UCmqQwCh+eLsYOYCwY991i2Fah4h1BEMCx4qThGbsiA==}
    engines: {node: '>=10'}
    dependencies:
      yallist: 4.0.0
    dev: true

  /magic-string@0.30.1:
    resolution: {integrity: sha512-mbVKXPmS0z0G4XqFDCTllmDQ6coZzn94aMlb0o/A4HEHJCKcanlDZwYJgwnkmgD3jyWhUgj9VsPrfd972yPffA==}
    engines: {node: '>=12'}
    dependencies:
      '@jridgewell/sourcemap-codec': 1.4.15
    dev: false

  /mdn-data@2.0.30:
    resolution: {integrity: sha512-GaqWWShW4kv/G9IEucWScBx9G1/vsFZZJUO+tD26M8J8z3Kw5RDQjaoZe03YAClgeS/SWPOcb4nkFBTEi5DUEA==}
    dev: false

  /minimatch@3.1.2:
    resolution: {integrity: sha512-J7p63hRiAjw1NDEww1W7i37+ByIrOWO5XQQAzZ3VOcL0PNybwpfmV/N05zFAzwQ9USyEcX6t3UO+K5aqBQOIHw==}
    dependencies:
      brace-expansion: 1.1.11
    dev: true

  /ms@2.1.3:
    resolution: {integrity: sha512-6FlzubTLZG3J2a/NVCAleEhjzq5oxgHyaCU9yYXvcLsvoVaHJq/s5xXI6/XXP6tz7R9xAOtHnSO/tXtF3WRTlA==}
    dev: true

  /nanoid@3.3.6:
    resolution: {integrity: sha512-BGcqMMJuToF7i1rt+2PWSNVnWIkGCU78jBG3RxO/bZlnZPK2Cmi2QaffxGO/2RvWi9sL+FAiRiXMgsyxQ1DIDA==}
    engines: {node: ^10 || ^12 || ^13.7 || ^14 || >=15.0.1}
    hasBin: true
    dev: false

  /nodemon@3.0.1:
    resolution: {integrity: sha512-g9AZ7HmkhQkqXkRc20w+ZfQ73cHLbE8hnPbtaFbFtCumZsjyMhKk9LajQ07U5Ux28lvFjZ5X7HvWR1xzU8jHVw==}
    engines: {node: '>=10'}
    hasBin: true
    dependencies:
      chokidar: 3.5.3
      debug: 3.2.7(supports-color@5.5.0)
      ignore-by-default: 1.0.1
      minimatch: 3.1.2
      pstree.remy: 1.1.8
      semver: 7.5.4
      simple-update-notifier: 2.0.0
      supports-color: 5.5.0
      touch: 3.1.0
      undefsafe: 2.0.5
    dev: true

  /nopt@1.0.10:
    resolution: {integrity: sha512-NWmpvLSqUrgrAC9HCuxEvb+PSloHpqVu+FqcO4eeF2h5qYRhA7ev6KvelyQAKtegUbC6RypJnlEOhd8vloNKYg==}
    hasBin: true
    dependencies:
      abbrev: 1.1.1
    dev: true

  /normalize-path@3.0.0:
    resolution: {integrity: sha512-6eZs5Ls3WtCisHWp9S2GUy8dqkpGi4BVSz3GaqiE6ezub0512ESztXUwUB6C6IKbQkY2Pnb/mD4WYojCRwcwLA==}
    engines: {node: '>=0.10.0'}
    dev: true

  /peek-readable@5.0.0:
    resolution: {integrity: sha512-YtCKvLUOvwtMGmrniQPdO7MwPjgkFBtFIrmfSbYmYuq3tKDV/mcfAhBth1+C3ru7uXIZasc/pHnb+YDYNkkj4A==}
    engines: {node: '>=14.16'}
    dev: false

  /periscopic@3.1.0:
    resolution: {integrity: sha512-vKiQ8RRtkl9P+r/+oefh25C3fhybptkHKCZSPlcXiJux2tJF55GnEj3BVn4A5gKfq9NWWXXrxkHBwVPUfH0opw==}
    dependencies:
      '@types/estree': 1.0.1
      estree-walker: 3.0.3
      is-reference: 3.0.1
    dev: false

  /picocolors@1.0.0:
    resolution: {integrity: sha512-1fygroTLlHu66zi26VoTDv8yRgm0Fccecssto+MhsZ0D/DGW2sm8E8AjW7NU5VVTRt5GxbeZ5qBuJr+HyLYkjQ==}
    dev: false

  /picomatch@2.3.1:
    resolution: {integrity: sha512-JU3teHTNjmE2VCGFzuY8EXzCDVwEqB2a8fsIvwaStHhAWJEeVd1o1QD80CU6+ZdEXXSLbSsuLwJjkCBWqRQUVA==}
    engines: {node: '>=8.6'}
    dev: true

  /postcss@8.4.25:
    resolution: {integrity: sha512-7taJ/8t2av0Z+sQEvNzCkpDynl0tX3uJMCODi6nT3PfASC7dYCWV9aQ+uiCf+KBD4SEFcu+GvJdGdwzQ6OSjCw==}
    engines: {node: ^10 || ^12 || >=14}
    dependencies:
      nanoid: 3.3.6
      picocolors: 1.0.0
      source-map-js: 1.0.2
    dev: false

  /pstree.remy@1.1.8:
    resolution: {integrity: sha512-77DZwxQmxKnu3aR542U+X8FypNzbfJ+C5XQDk3uWjWxn6151aIMGthWYRXTqT1E5oJvg+ljaa2OJi+VfvCOQ8w==}
    dev: true

  /react@18.2.0:
    resolution: {integrity: sha512-/3IjMdb2L9QbBdWiW5e3P2/npwMBaU9mHCSCUzNln0ZCYbcfTsGbTJrU/kGemdH2IWmB2ioZ+zkxtmq6g09fGQ==}
    engines: {node: '>=0.10.0'}
    dependencies:
      loose-envify: 1.4.0
    dev: false

  /readable-stream@3.6.2:
    resolution: {integrity: sha512-9u/sniCrY3D5WdsERHzHE4G2YCXqoG5FTHUiCC4SIbr6XcLZBY05ya9EKjYek9O5xOAwjGq+1JdGBAS7Q9ScoA==}
    engines: {node: '>= 6'}
    dependencies:
      inherits: 2.0.4
      string_decoder: 1.3.0
      util-deprecate: 1.0.2
    dev: false

  /readable-web-to-node-stream@3.0.2:
    resolution: {integrity: sha512-ePeK6cc1EcKLEhJFt/AebMCLL+GgSKhuygrZ/GLaKZYEecIgIECf4UaUuaByiGtzckwR4ain9VzUh95T1exYGw==}
    engines: {node: '>=8'}
    dependencies:
      readable-stream: 3.6.2
    dev: false

  /readdirp@3.6.0:
    resolution: {integrity: sha512-hOS089on8RduqdbhvQ5Z37A0ESjsqz6qnRcffsMU3495FuTdqSm+7bhJ29JvIOsBDEEnan5DPu9t3To9VRlMzA==}
    engines: {node: '>=8.10.0'}
    dependencies:
      picomatch: 2.3.1
    dev: true

  /safe-buffer@5.2.1:
    resolution: {integrity: sha512-rp3So07KcdmmKbGvgaNxQSJr7bGVSVk5S9Eq1F+ppbRo70+YeaDxkw5Dd8NPN+GD6bjnYm2VuPuCXmpuYvmCXQ==}
    dev: false

  /semver@7.5.4:
    resolution: {integrity: sha512-1bCSESV6Pv+i21Hvpxp3Dx+pSD8lIPt8uVjRrxAUt/nbswYc+tK6Y2btiULjd4+fnq15PX+nqQDC7Oft7WkwcA==}
    engines: {node: '>=10'}
    hasBin: true
    dependencies:
      lru-cache: 6.0.0
    dev: true

  /simple-update-notifier@2.0.0:
    resolution: {integrity: sha512-a2B9Y0KlNXl9u/vsW6sTIu9vGEpfKu2wRV6l1H3XEas/0gUIzGzBoP/IouTcUQbm9JWZLH3COxyn03TYlFax6w==}
    engines: {node: '>=10'}
    dependencies:
      semver: 7.5.4
    dev: true

  /source-map-js@1.0.2:
    resolution: {integrity: sha512-R0XvVJ9WusLiqTCEiGCmICCMplcCkIwwR11mOSD9CR5u+IXYdiseeEuXCVAjS54zqwkLcPNnmU4OeJ6tUrWhDw==}
    engines: {node: '>=0.10.0'}
    dev: false

  /sswr@1.11.0(svelte@4.0.5):
    resolution: {integrity: sha512-D7nEdEH0A1TKZjA1wRP6frxw/dtTCuV70EK5/pELP+FrcPmyaP8jLC49mrg86Ez5cb5z3NQb2MPx2M7ZZlSupQ==}
    peerDependencies:
      svelte: ^4.0.0
    dependencies:
      svelte: 4.0.5
      swrev: 3.0.0
    dev: false

  /streamsearch@1.1.0:
    resolution: {integrity: sha512-Mcc5wHehp9aXz1ax6bZUyY5afg9u2rv5cqQI3mRrYkGC8rW2hM02jWuwjtL++LS5qinSyhj2QfLyNsuc+VsExg==}
    engines: {node: '>=10.0.0'}
    dev: false

  /string_decoder@1.3.0:
    resolution: {integrity: sha512-hkRX8U1WjJFd8LsDJ2yQ/wWWxaopEsABU1XfkM8A+j0+85JAGppt16cr1Whg6KIbb4okU6Mql6BOj+uup/wKeA==}
    dependencies:
      safe-buffer: 5.2.1
    dev: false

  /strtok3@7.0.0:
    resolution: {integrity: sha512-pQ+V+nYQdC5H3Q7qBZAz/MO6lwGhoC2gOAjuouGf/VO0m7vQRh8QNMl2Uf6SwAtzZ9bOw3UIeBukEGNJl5dtXQ==}
    engines: {node: '>=14.16'}
    dependencies:
      '@tokenizer/token': 0.3.0
      peek-readable: 5.0.0
    dev: false

  /supports-color@5.5.0:
    resolution: {integrity: sha512-QjVjwdXIt408MIiAqCX4oUKsgU2EqAGzs2Ppkm4aQYbjm+ZEWEcW4SfFNTr4uMNZma0ey4f5lgLrkB0aX0QMow==}
    engines: {node: '>=4'}
    dependencies:
      has-flag: 3.0.0
    dev: true

  /svelte@4.0.5:
    resolution: {integrity: sha512-PHKPWP1wiWHBtsE57nCb8xiWB3Ht7/3Kvi3jac0XIxUM2rep8alO7YoAtgWeGD7++tFy46krilOrPW0mG3Dx+A==}
    engines: {node: '>=16'}
    dependencies:
      '@ampproject/remapping': 2.2.1
      '@jridgewell/sourcemap-codec': 1.4.15
      '@jridgewell/trace-mapping': 0.3.18
      acorn: 8.10.0
      aria-query: 5.3.0
      axobject-query: 3.2.1
      code-red: 1.0.3
      css-tree: 2.3.1
      estree-walker: 3.0.3
      is-reference: 3.0.1
      locate-character: 3.0.0
      magic-string: 0.30.1
      periscopic: 3.1.0
    dev: false

  /swr@2.1.5(react@18.2.0):
    resolution: {integrity: sha512-/OhfZMcEpuz77KavXST5q6XE9nrOBOVcBLWjMT+oAE/kQHyE3PASrevXCtQDZ8aamntOfFkbVJp7Il9tNBQWrw==}
    peerDependencies:
      react: ^16.11.0 || ^17.0.0 || ^18.0.0
    dependencies:
      react: 18.2.0
      use-sync-external-store: 1.2.0(react@18.2.0)
    dev: false

  /swrev@3.0.0:
    resolution: {integrity: sha512-QJuZiptdOmbDY45pECBRVEgnoBlOKjeT2MWVz04wKHpWX15hM3P7EjcIbHDg5yLoPCMQ7to3349MEE+l9QF5HA==}
    dev: false

  /swrv@1.0.3(vue@3.3.4):
    resolution: {integrity: sha512-sl+eLEE+aPPjhP1E8gQ75q3RPRyw5Gd/kROnrTFo3+LkCeLskv7F+uAl5W97wgJkzitobL6FLsRPVm0DgIgN8A==}
    peerDependencies:
      vue: '>=3.2.26 < 4'
    dependencies:
      vue: 3.3.4
    dev: false

  /to-fast-properties@2.0.0:
    resolution: {integrity: sha512-/OaKK0xYrs3DmxRYqL/yDc+FxFUVYhDlXMhRmv3z915w2HF1tnN1omB354j8VUGO/hbRzyD6Y3sA7v7GS/ceog==}
    engines: {node: '>=4'}
    dev: false

  /to-regex-range@5.0.1:
    resolution: {integrity: sha512-65P7iz6X5yEr1cwcgvQxbbIw7Uk3gOy5dIdtZ4rDveLqhrdJP+Li/Hx6tyK0NEb+2GCyneCMJiGqrADCSNk8sQ==}
    engines: {node: '>=8.0'}
    dependencies:
      is-number: 7.0.0
    dev: true

  /token-types@5.0.1:
    resolution: {integrity: sha512-Y2fmSnZjQdDb9W4w4r1tswlMHylzWIeOKpx0aZH9BgGtACHhrk3OkT52AzwcuqTRBZtvvnTjDBh8eynMulu8Vg==}
    engines: {node: '>=14.16'}
    dependencies:
      '@tokenizer/token': 0.3.0
      ieee754: 1.2.1
    dev: false

  /touch@3.1.0:
    resolution: {integrity: sha512-WBx8Uy5TLtOSRtIq+M03/sKDrXCLHxwDcquSP2c43Le03/9serjQBIztjRz6FkJez9D/hleyAXTBGLwwZUw9lA==}
    hasBin: true
    dependencies:
      nopt: 1.0.10
    dev: true

  /ts-mixer@6.0.3:
    resolution: {integrity: sha512-k43M7uCG1AkTyxgnmI5MPwKoUvS/bRvLvUb7+Pgpdlmok8AoqmUaZxUUw8zKM5B1lqZrt41GjYgnvAi0fppqgQ==}
    dev: false

  /tslib@2.6.0:
    resolution: {integrity: sha512-7At1WUettjcSRHXCyYtTselblcHl9PJFFVKiCAy/bY97+BPZXSQ2wbq0P9s8tK2G7dFQfNnlJnPAiArVBVBsfA==}
    dev: false

  /undefsafe@2.0.5:
    resolution: {integrity: sha512-WxONCrssBM8TSPRqN5EmsjVrsv4A8X12J4ArBiiayv3DyyG3ZlIg6yysuuSYdZsVz3TKcTg2fd//Ujd4CHV1iA==}
    dev: true

  /undici@5.22.1:
    resolution: {integrity: sha512-Ji2IJhFXZY0x/0tVBXeQwgPlLWw13GVzpsWPQ3rV50IFMMof2I55PZZxtm4P6iNq+L5znYN9nSTAq0ZyE6lSJw==}
    engines: {node: '>=14.0'}
    dependencies:
      busboy: 1.6.0
    dev: false

  /use-sync-external-store@1.2.0(react@18.2.0):
    resolution: {integrity: sha512-eEgnFxGQ1Ife9bzYs6VLi8/4X6CObHMw9Qr9tPY43iKwsPw8xE8+EFsf/2cFZ5S3esXgpWgtSCtLNS41F+sKPA==}
    peerDependencies:
      react: ^16.8.0 || ^17.0.0 || ^18.0.0
    dependencies:
      react: 18.2.0
    dev: false

  /util-deprecate@1.0.2:
    resolution: {integrity: sha512-EPD5q1uXyFxJpCrLnCc1nHnq3gOa6DZBocAIiI2TaSCA7VCJ1UJDMagCzIkXNsUYfD1daK//LTEQ8xiIbrHtcw==}
    dev: false

  /vue@3.3.4:
    resolution: {integrity: sha512-VTyEYn3yvIeY1Py0WaYGZsXnz3y5UnGi62GjVEqvEGPl6nxbOrCXbVOTQWBEJUqAyTUk2uJ5JLVnYJ6ZzGbrSw==}
    dependencies:
      '@vue/compiler-dom': 3.3.4
      '@vue/compiler-sfc': 3.3.4
      '@vue/runtime-dom': 3.3.4
      '@vue/server-renderer': 3.3.4(vue@3.3.4)
      '@vue/shared': 3.3.4
    dev: false

  /ws@8.13.0:
    resolution: {integrity: sha512-x9vcZYTrFPC7aSIbj7sRCYo7L/Xb8Iy+pW0ng0wt2vCJv7M9HOMy0UoN3rr+IFC7hb7vXoqS+P9ktyLLLhO+LA==}
    engines: {node: '>=10.0.0'}
    peerDependencies:
      bufferutil: ^4.0.1
      utf-8-validate: '>=5.0.2'
    peerDependenciesMeta:
      bufferutil:
        optional: true
      utf-8-validate:
        optional: true
    dev: false

  /yallist@4.0.0:
    resolution: {integrity: sha512-3wdGidZyq5PB084XLES5TpOSRA3wjXAlIWMhum2kRcv/41Sn2emQ0dycQW4uZXLejwKvg6EsvbdlVL+FYEct7A==}
    dev: true
